
Microsoft Visual Studio Solution File, Format Version 12.00
Project("{FAE04EC0-301F-11D3-BF4B-00C04F79EFBC}") = "Cacahuete.MinecraftLib", "Cacahuete.MinecraftLib\Cacahuete.MinecraftLib.csproj", "{EF7D96AB-0279-46DE-878A-B8982AC48443}"
EndProject
Project("{FAE04EC0-301F-11D3-BF4B-00C04F79EFBC}") = "mcLaunch", "mcLaunch\mcLaunch.csproj", "{7290B968-F67B-4D50-BE0C-0AA7A757EBB2}"
EndProject
Project("{FAE04EC0-301F-11D3-BF4B-00C04F79EFBC}") = "mcLaunch.Core", "mcLaunch.Core\mcLaunch.Core.csproj", "{28DFF7B4-E66F-4720-A9E6-21784B61974A}"
EndProject
Project("{FAE04EC0-301F-11D3-BF4B-00C04F79EFBC}") = "mcLaunch.MinecraftGuard", "mcLaunch.MinecraftGuard\mcLaunch.MinecraftGuard.csproj", "{C17A20CB-3BBD-49D6-8B40-3A8A2FE70E23}"
EndProject
Project("{FAE04EC0-301F-11D3-BF4B-00C04F79EFBC}") = "mcLaunch.Installer", "mcLaunch.Installer\mcLaunch.Installer.csproj", "{94B4D61F-A732-45BB-A832-D4F61B43B27D}"
EndProject
Project("{FAE04EC0-301F-11D3-BF4B-00C04F79EFBC}") = "mcLaunch.GitHub", "mcLaunch.GitHub\mcLaunch.GitHub.csproj", "{6FDBDAD8-4972-4D56-B4AB-D5953875961A}"
EndProject
Project("{FAE04EC0-301F-11D3-BF4B-00C04F79EFBC}") = "mcLaunch.Tests", "mcLaunch.Tests\mcLaunch.Tests.csproj", "{368782D3-DDD0-48B4-A389-514D0F3D3F8A}"
EndProject
Project("{FAE04EC0-301F-11D3-BF4B-00C04F79EFBC}") = "mcLaunch.Build", "mcLaunch.Build\mcLaunch.Build.csproj", "{E535CF41-55BB-4564-9DA4-09C055A3BC43}"
EndProject
Global
	GlobalSection(SolutionConfigurationPlatforms) = preSolution
		Debug|Any CPU = Debug|Any CPU
		Release|Any CPU = Release|Any CPU
	EndGlobalSection
	GlobalSection(ProjectConfigurationPlatforms) = postSolution
		{EF7D96AB-0279-46DE-878A-B8982AC48443}.Debug|Any CPU.ActiveCfg = Debug|Any CPU
		{EF7D96AB-0279-46DE-878A-B8982AC48443}.Debug|Any CPU.Build.0 = Debug|Any CPU
		{EF7D96AB-0279-46DE-878A-B8982AC48443}.Release|Any CPU.ActiveCfg = Release|Any CPU
		{EF7D96AB-0279-46DE-878A-B8982AC48443}.Release|Any CPU.Build.0 = Release|Any CPU
		{7290B968-F67B-4D50-BE0C-0AA7A757EBB2}.Debug|Any CPU.ActiveCfg = Debug|Any CPU
		{7290B968-F67B-4D50-BE0C-0AA7A757EBB2}.Debug|Any CPU.Build.0 = Debug|Any CPU
		{7290B968-F67B-4D50-BE0C-0AA7A757EBB2}.Release|Any CPU.ActiveCfg = Release|Any CPU
		{7290B968-F67B-4D50-BE0C-0AA7A757EBB2}.Release|Any CPU.Build.0 = Release|Any CPU
		{28DFF7B4-E66F-4720-A9E6-21784B61974A}.Debug|Any CPU.ActiveCfg = Debug|Any CPU
		{28DFF7B4-E66F-4720-A9E6-21784B61974A}.Debug|Any CPU.Build.0 = Debug|Any CPU
		{28DFF7B4-E66F-4720-A9E6-21784B61974A}.Release|Any CPU.ActiveCfg = Release|Any CPU
		{28DFF7B4-E66F-4720-A9E6-21784B61974A}.Release|Any CPU.Build.0 = Release|Any CPU
		{C17A20CB-3BBD-49D6-8B40-3A8A2FE70E23}.Debug|Any CPU.ActiveCfg = Debug|Any CPU
		{C17A20CB-3BBD-49D6-8B40-3A8A2FE70E23}.Debug|Any CPU.Build.0 = Debug|Any CPU
		{C17A20CB-3BBD-49D6-8B40-3A8A2FE70E23}.Release|Any CPU.ActiveCfg = Release|Any CPU
		{C17A20CB-3BBD-49D6-8B40-3A8A2FE70E23}.Release|Any CPU.Build.0 = Release|Any CPU
		{94B4D61F-A732-45BB-A832-D4F61B43B27D}.Debug|Any CPU.ActiveCfg = Debug|Any CPU
		{94B4D61F-A732-45BB-A832-D4F61B43B27D}.Debug|Any CPU.Build.0 = Debug|Any CPU
		{94B4D61F-A732-45BB-A832-D4F61B43B27D}.Release|Any CPU.ActiveCfg = Release|Any CPU
		{94B4D61F-A732-45BB-A832-D4F61B43B27D}.Release|Any CPU.Build.0 = Release|Any CPU
		{6FDBDAD8-4972-4D56-B4AB-D5953875961A}.Debug|Any CPU.ActiveCfg = Debug|Any CPU
		{6FDBDAD8-4972-4D56-B4AB-D5953875961A}.Debug|Any CPU.Build.0 = Debug|Any CPU
		{6FDBDAD8-4972-4D56-B4AB-D5953875961A}.Release|Any CPU.ActiveCfg = Release|Any CPU
		{6FDBDAD8-4972-4D56-B4AB-D5953875961A}.Release|Any CPU.Build.0 = Release|Any CPU
		{368782D3-DDD0-48B4-A389-514D0F3D3F8A}.Debug|Any CPU.ActiveCfg = Debug|Any CPU
		{368782D3-DDD0-48B4-A389-514D0F3D3F8A}.Debug|Any CPU.Build.0 = Debug|Any CPU
		{368782D3-DDD0-48B4-A389-514D0F3D3F8A}.Release|Any CPU.ActiveCfg = Release|Any CPU
		{368782D3-DDD0-48B4-A389-514D0F3D3F8A}.Release|Any CPU.Build.0 = Release|Any CPU
		{E535CF41-55BB-4564-9DA4-09C055A3BC43}.Debug|Any CPU.ActiveCfg = Debug|Any CPU
		{E535CF41-55BB-4564-9DA4-09C055A3BC43}.Debug|Any CPU.Build.0 = Debug|Any CPU
		{E535CF41-55BB-4564-9DA4-09C055A3BC43}.Release|Any CPU.ActiveCfg = Release|Any CPU
		{E535CF41-55BB-4564-9DA4-09C055A3BC43}.Release|Any CPU.Build.0 = Release|Any CPU
	EndGlobalSection
	GlobalSection(NestedProjects) = preSolution
	EndGlobalSection
EndGlobal
